
Microsoft Visual Studio Solution File, Format Version 12.00
# Visual Studio 15
VisualStudioVersion = 15.0.27130.2020
MinimumVisualStudioVersion = 10.0.40219.1
Project("{9A19103F-16F7-4668-BE54-9A1E7A4F7556}") = "PomeloMySqlError.Web", "PomeloMySqlError.Web\PomeloMySqlError.Web.csproj", "{A891C1C7-AEEF-4365-A653-905123A46DA9}"
EndProject
Project("{E53339B2-1760-4266-BCC7-CA923CBCF16C}") = "docker-compose", "docker-compose.dcproj", "{07CE45D4-80BB-446F-A4A3-3B01550EDD3A}"
EndProject
Project("{9A19103F-16F7-4668-BE54-9A1E7A4F7556}") = "DataAccess", "DataAccess\DataAccess.csproj", "{01ABFB97-90CE-4B43-B195-CFD4C15B6065}"
EndProject
Project("{9A19103F-16F7-4668-BE54-9A1E7A4F7556}") = "EFCore.MySql", "EFCore.MySql\EFCore.MySql.csproj", "{0F0727FE-0F27-4EF4-B7C0-0F3001A545E7}"
EndProject
Global
	GlobalSection(SolutionConfigurationPlatforms) = preSolution
		Debug|Any CPU = Debug|Any CPU
		Release|Any CPU = Release|Any CPU
	EndGlobalSection
	GlobalSection(ProjectConfigurationPlatforms) = postSolution
		{A891C1C7-AEEF-4365-A653-905123A46DA9}.Debug|Any CPU.ActiveCfg = Debug|Any CPU
		{A891C1C7-AEEF-4365-A653-905123A46DA9}.Debug|Any CPU.Build.0 = Debug|Any CPU
		{A891C1C7-AEEF-4365-A653-905123A46DA9}.Release|Any CPU.ActiveCfg = Release|Any CPU
		{A891C1C7-AEEF-4365-A653-905123A46DA9}.Release|Any CPU.Build.0 = Release|Any CPU
		{07CE45D4-80BB-446F-A4A3-3B01550EDD3A}.Debug|Any CPU.ActiveCfg = Debug|Any CPU
		{07CE45D4-80BB-446F-A4A3-3B01550EDD3A}.Debug|Any CPU.Build.0 = Debug|Any CPU
		{07CE45D4-80BB-446F-A4A3-3B01550EDD3A}.Release|Any CPU.ActiveCfg = Release|Any CPU
		{07CE45D4-80BB-446F-A4A3-3B01550EDD3A}.Release|Any CPU.Build.0 = Release|Any CPU
		{01ABFB97-90CE-4B43-B195-CFD4C15B6065}.Debug|Any CPU.ActiveCfg = Debug|Any CPU
		{01ABFB97-90CE-4B43-B195-CFD4C15B6065}.Debug|Any CPU.Build.0 = Debug|Any CPU
		{01ABFB97-90CE-4B43-B195-CFD4C15B6065}.Release|Any CPU.ActiveCfg = Release|Any CPU
		{01ABFB97-90CE-4B43-B195-CFD4C15B6065}.Release|Any CPU.Build.0 = Release|Any CPU
		{0F0727FE-0F27-4EF4-B7C0-0F3001A545E7}.Debug|Any CPU.ActiveCfg = Debug|Any CPU
		{0F0727FE-0F27-4EF4-B7C0-0F3001A545E7}.Debug|Any CPU.Build.0 = Debug|Any CPU
		{0F0727FE-0F27-4EF4-B7C0-0F3001A545E7}.Release|Any CPU.ActiveCfg = Release|Any CPU
		{0F0727FE-0F27-4EF4-B7C0-0F3001A545E7}.Release|Any CPU.Build.0 = Release|Any CPU
	EndGlobalSection
	GlobalSection(SolutionProperties) = preSolution
		HideSolutionNode = FALSE
	EndGlobalSection
	GlobalSection(ExtensibilityGlobals) = postSolution
		SolutionGuid = {0DA11C9E-0046-4918-8283-9B990B0E9DDD}
	EndGlobalSection
EndGlobal
